
Microsoft Visual Studio Solution File, Format Version 12.00
# Visual Studio Version 17
VisualStudioVersion = 17.0.32126.317
MinimumVisualStudioVersion = 10.0.40219.1
Project("{FAE04EC0-301F-11D3-BF4B-00C04F79EFBC}") = "Assignment2", "Assignment2\Assignment2.csproj", "{AAA1CFAA-D7A1-4BEB-87D9-6336A3653D52}"
EndProject
Global
	GlobalSection(SolutionConfigurationPlatforms) = preSolution
		Debug|Any CPU = Debug|Any CPU
		Release|Any CPU = Release|Any CPU
	EndGlobalSection
	GlobalSection(ProjectConfigurationPlatforms) = postSolution
		{AAA1CFAA-D7A1-4BEB-87D9-6336A3653D52}.Debug|Any CPU.ActiveCfg = Debug|Any CPU
		{AAA1CFAA-D7A1-4BEB-87D9-6336A3653D52}.Debug|Any CPU.Build.0 = Debug|Any CPU
		{AAA1CFAA-D7A1-4BEB-87D9-6336A3653D52}.Release|Any CPU.ActiveCfg = Release|Any CPU
		{AAA1CFAA-D7A1-4BEB-87D9-6336A3653D52}.Release|Any CPU.Build.0 = Release|Any CPU
	EndGlobalSection
	GlobalSection(SolutionProperties) = preSolution
		HideSolutionNode = FALSE
	EndGlobalSection
	GlobalSection(ExtensibilityGlobals) = postSolution
		SolutionGuid = {E742F168-0D98-4CB6-8323-77DB52C256AC}
	EndGlobalSection
EndGlobal
